
Microsoft Visual Studio Solution File, Format Version 12.00
# Visual Studio Version 16
VisualStudioVersion = 16.0.30413.136
MinimumVisualStudioVersion = 10.0.40219.1
Project("{FAE04EC0-301F-11D3-BF4B-00C04F79EFBC}") = "BrainWorks.GitDemo.ConsoleApp", "BrainWorks.GitDemo.ConsoleApp\BrainWorks.GitDemo.ConsoleApp.csproj", "{ECB13955-153D-4D27-B0C8-BE872D90F50B}"
EndProject
Global
	GlobalSection(SolutionConfigurationPlatforms) = preSolution
		Debug|Any CPU = Debug|Any CPU
		Release|Any CPU = Release|Any CPU
	EndGlobalSection
	GlobalSection(ProjectConfigurationPlatforms) = postSolution
		{ECB13955-153D-4D27-B0C8-BE872D90F50B}.Debug|Any CPU.ActiveCfg = Debug|Any CPU
		{ECB13955-153D-4D27-B0C8-BE872D90F50B}.Debug|Any CPU.Build.0 = Debug|Any CPU
		{ECB13955-153D-4D27-B0C8-BE872D90F50B}.Release|Any CPU.ActiveCfg = Release|Any CPU
		{ECB13955-153D-4D27-B0C8-BE872D90F50B}.Release|Any CPU.Build.0 = Release|Any CPU
	EndGlobalSection
	GlobalSection(SolutionProperties) = preSolution
		HideSolutionNode = FALSE
	EndGlobalSection
	GlobalSection(ExtensibilityGlobals) = postSolution
		SolutionGuid = {3E19DBD1-B568-445B-9649-29E5D0514AC9}
	EndGlobalSection
EndGlobal
